<?xml version="1.0" encoding="utf-8"?>
<Project ToolsVersion="4.0" xmlns="http://schemas.microsoft.com/developer/msbuild/2003">
  <ItemGroup>
    <ClCompile Include="ISM.cpp" />
  </ItemGroup>
  <ItemGroup>
    <ClInclude Include="ISM.h" />
    <ClInclude Include="HostDeviceSharedDefinitions.h" />
  </ItemGroup>
  <ItemGroup>
    <ShaderSource Include="Pull.cs.slang" />
  </ItemGroup>
</Project>