<?xml version="1.0" encoding="utf-8"?>
<Project ToolsVersion="4.0" xmlns="http://schemas.microsoft.com/developer/msbuild/2003">
  <ItemGroup>
    <ClCompile Include="ShadowMap.cpp" />
  </ItemGroup>
  <ItemGroup>
    <ClInclude Include="ShadowMap.h" />
    <ClInclude Include="HostDeviceSharedDefinitions.h" />
  </ItemGroup>
  <ItemGroup>
    <ShaderSource Include="PCSS.slang">
      <Filter>Shaders</Filter>
    </ShaderSource>
    <ShaderSource Include="Poisson.slang">
      <Filter>Shaders</Filter>
    </ShaderSource>
    <ShaderSource Include="Shading.ps.slang">
      <Filter>Shaders</Filter>
    </ShaderSource>
    <ShaderSource Include="EVSM.slang">
      <Filter>Shaders</Filter>
    </ShaderSource>
    <ShaderSource Include="ShadowMap.3d.slang">
      <Filter>Shaders</Filter>
    </ShaderSource>
    <ShaderSource Include="VSM.slang">
      <Filter>Shaders</Filter>
    </ShaderSource>
    <ShaderSource Include="SATScans.cs.slang">
      <Filter>Shaders</Filter>
    </ShaderSource>
    <ShaderSource Include="ParallelScan.slang" />
  </ItemGroup>
  <ItemGroup>
    <Filter Include="Shaders">
      <UniqueIdentifier>{6be90f78-c05c-4ebe-9a79-064dacacea1b}</UniqueIdentifier>
    </Filter>
  </ItemGroup>
</Project>