<?xml version="1.0" encoding="utf-8"?>
<Project ToolsVersion="4.0" xmlns="http://schemas.microsoft.com/developer/msbuild/2003">
  <ItemGroup>
    <ClCompile Include="RTXDITutorials.cpp" />
    <ClCompile Include="Common\RTXDITutorialBase.cpp">
      <Filter>Common Code</Filter>
    </ClCompile>
    <ClCompile Include="Common\RTXDITutorialConstants.cpp">
      <Filter>Common Code</Filter>
    </ClCompile>
    <ClCompile Include="rtxdi\RTXDI.cpp">
      <Filter>rtxdi</Filter>
    </ClCompile>
    <ClCompile Include="Tutorial 5\RTXDITutorial5.cpp">
      <Filter>Common Code</Filter>
    </ClCompile>
  </ItemGroup>
  <ItemGroup>
    <ClInclude Include="Common\RTXDITutorialBase.h">
      <Filter>Common Code</Filter>
    </ClInclude>
    <ClInclude Include="Common\RTXDITutorialConstants.h">
      <Filter>Common Code</Filter>
    </ClInclude>
    <ClInclude Include="HostDeviceSharedDefinitions.h" />
    <ClInclude Include="rtxdi\RTXDI.h">
      <Filter>rtxdi</Filter>
    </ClInclude>
    <ClInclude Include="rtxdi\RtxdiParameters.h">
      <Filter>rtxdi</Filter>
    </ClInclude>
    <ClInclude Include="rtxdi\RtxdiTypes.h">
      <Filter>rtxdi</Filter>
    </ClInclude>
    <ClInclude Include="PoissonSamples.h" />
    <ClInclude Include="Tutorial 5\RTXDITutorial5.h">
      <Filter>Common Code</Filter>
    </ClInclude>
  </ItemGroup>
  <ItemGroup>
    <Filter Include="Shaders">
      <UniqueIdentifier>{28245b28-629d-4e73-8708-23eb03e3c2ef}</UniqueIdentifier>
    </Filter>
    <Filter Include="Shaders\RTXDI">
      <UniqueIdentifier>{c22b5ce0-7a07-4756-bf19-84f2623c4018}</UniqueIdentifier>
    </Filter>
    <Filter Include="Shaders\RTXDI\SetupShaders">
      <UniqueIdentifier>{eda01f00-8ff6-4371-a8dd-a669c2c6d74a}</UniqueIdentifier>
    </Filter>
    <Filter Include="Shaders\RTXDI\TraceRayEncapsulations">
      <UniqueIdentifier>{d5f9b623-19ab-44c7-8a2b-5dd28599f6fd}</UniqueIdentifier>
    </Filter>
    <Filter Include="Shaders\RTXDI\RTXDI-Bridge">
      <UniqueIdentifier>{f0ed6b13-2790-46bc-a90e-948710b96386}</UniqueIdentifier>
    </Filter>
    <Filter Include="Common Code">
      <UniqueIdentifier>{8a079e75-a374-4543-8069-51a4bf9187f3}</UniqueIdentifier>
    </Filter>
    <Filter Include="rtxdi">
      <UniqueIdentifier>{f1aed28e-3a03-43a2-8471-8afc56eef3ef}</UniqueIdentifier>
    </Filter>
    <Filter Include="Shaders\RTXDI\MainShaders">
      <UniqueIdentifier>{10f45e3c-feb7-435e-9aca-716ef0c5d19d}</UniqueIdentifier>
    </Filter>
  </ItemGroup>
  <ItemGroup>
    <ShaderSource Include="Shaders\RAB_LightInfo.slangh">
      <Filter>Shaders\RTXDI\RTXDI-Bridge</Filter>
    </ShaderSource>
    <ShaderSource Include="Shaders\RAB_LightSample.slangh">
      <Filter>Shaders\RTXDI\RTXDI-Bridge</Filter>
    </ShaderSource>
    <ShaderSource Include="Shaders\RAB_RandomSampler.slangh">
      <Filter>Shaders\RTXDI\RTXDI-Bridge</Filter>
    </ShaderSource>
    <ShaderSource Include="Shaders\RAB_Surface.slangh">
      <Filter>Shaders\RTXDI\RTXDI-Bridge</Filter>
    </ShaderSource>
    <ShaderSource Include="Shaders\RtxdiBridge.slangh">
      <Filter>Shaders\RTXDI\RTXDI-Bridge</Filter>
    </ShaderSource>
    <ShaderSource Include="Shaders\RTXDI_BuildLightResourcesFromLightCollection.cs.slang">
      <Filter>Shaders\RTXDI\SetupShaders</Filter>
    </ShaderSource>
    <ShaderSource Include="Shaders\RTXDI_BuildEnvMapPDFTexture.cs.slang">
      <Filter>Shaders\RTXDI\SetupShaders</Filter>
    </ShaderSource>
    <ShaderSource Include="Shaders\RTXDI_PrepareSurfaceData.cs.slang">
      <Filter>Shaders\RTXDI\SetupShaders</Filter>
    </ShaderSource>
    <ShaderSource Include="Shaders\RTXDI_PresampleEnvironmentLights.cs.slang">
      <Filter>Shaders\RTXDI\SetupShaders</Filter>
    </ShaderSource>
    <ShaderSource Include="Shaders\RTXDI_PresampleLights.cs.slang">
      <Filter>Shaders\RTXDI\SetupShaders</Filter>
    </ShaderSource>
    <ShaderSource Include="Shaders\InlineShadowRay.slangh">
      <Filter>Shaders\RTXDI\TraceRayEncapsulations</Filter>
    </ShaderSource>
    <ShaderSource Include="Shaders\StandardShadowRay.slangh">
      <Filter>Shaders\RTXDI\TraceRayEncapsulations</Filter>
    </ShaderSource>
    <ShaderSource Include="Shaders\ResamplingFunctions.hlsli">
      <Filter>Shaders\RTXDI</Filter>
    </ShaderSource>
    <ShaderSource Include="Shaders\Reservoir.hlsli">
      <Filter>Shaders\RTXDI</Filter>
    </ShaderSource>
    <ShaderSource Include="Shaders\RtxdiHelpers.hlsli">
      <Filter>Shaders\RTXDI</Filter>
    </ShaderSource>
    <ShaderSource Include="Shaders\RtxdiMath.hlsli">
      <Filter>Shaders\RTXDI</Filter>
    </ShaderSource>
    <ShaderSource Include="Shaders\RTXDI_GenerateCandidates.cs.slang">
      <Filter>Shaders\RTXDI\MainShaders</Filter>
    </ShaderSource>
    <ShaderSource Include="Shaders\RTXDI_Shade.cs.slang">
      <Filter>Shaders\RTXDI\MainShaders</Filter>
    </ShaderSource>
    <ShaderSource Include="Shaders\RTXDI_TestCandidateVisibility.cs.slang">
      <Filter>Shaders\RTXDI\MainShaders</Filter>
    </ShaderSource>
    <ShaderSource Include="Shaders\RTXDI_SpatiotemporalReuse.cs.slang">
      <Filter>Shaders\RTXDI\MainShaders</Filter>
    </ShaderSource>
  </ItemGroup>
  <ItemGroup>
    <Text Include="README.txt" />
  </ItemGroup>
</Project>