<?xml version="1.0" encoding="utf-8"?>
<Project ToolsVersion="4.0" xmlns="http://schemas.microsoft.com/developer/msbuild/2003">
  <ItemGroup>
    <ClCompile Include="ProjectTemplate.cpp" />
    <ClCompile Include="GBufferPass.cpp" />
    <ClCompile Include="AmbientOcclusionPass.cpp" />
    <ClCompile Include="AccumulationPass.cpp" />
    <ClCompile Include="diffuseGIPass.cpp" />
  </ItemGroup>
  <ItemGroup>
    <ClInclude Include="ProjectTemplate.h" />
    <ClInclude Include="GBufferPass.h" />
    <ClInclude Include="AmbientOcclusionPass.h" />
    <ClInclude Include="AccumulationPass.h" />
    <ClInclude Include="diffuseGIPass.h" />
  </ItemGroup>
  <ItemGroup>
    <ShaderSource Include="aoTracing.rt.slang">
      <Filter>shaders</Filter>
    </ShaderSource>
    <ShaderSource Include="aoTracingUtils.slang">
      <Filter>shaders</Filter>
    </ShaderSource>
    <ShaderSource Include="GBufferPackLinearZAndNormal.ps.slang">
      <Filter>shaders</Filter>
    </ShaderSource>
    <ShaderSource Include="GBufferPass.3d.slang">
      <Filter>shaders</Filter>
    </ShaderSource>
    <ShaderSource Include="accumulate.ps.slang">
      <Filter>shaders</Filter>
    </ShaderSource>
    <ShaderSource Include="diffuseGI.rt.slang">
      <Filter>shaders</Filter>
    </ShaderSource>
    <ShaderSource Include="diffuseGIUtils.slang">
      <Filter>shaders</Filter>
    </ShaderSource>
  </ItemGroup>
  <ItemGroup>
    <Filter Include="shaders">
      <UniqueIdentifier>{8441ed7b-32c0-4470-b694-f9518eb6d59e}</UniqueIdentifier>
    </Filter>
  </ItemGroup>
</Project>